
Microsoft Visual Studio Solution File, Format Version 12.00
# Visual Studio 15
VisualStudioVersion = 15.0.28307.271
MinimumVisualStudioVersion = 10.0.40219.1
Project("{FAE04EC0-301F-11D3-BF4B-00C04F79EFBC}") = "GraphAnalysisTimeWindow", "GraphAnalysisTimeWindow\GraphAnalysisTimeWindow.csproj", "{52C2D433-FEE7-4615-B0D4-2A2A5C99399E}"
EndProject
Global
	GlobalSection(SolutionConfigurationPlatforms) = preSolution
		Debug|Any CPU = Debug|Any CPU
		Release|Any CPU = Release|Any CPU
	EndGlobalSection
	GlobalSection(ProjectConfigurationPlatforms) = postSolution
		{52C2D433-FEE7-4615-B0D4-2A2A5C99399E}.Debug|Any CPU.ActiveCfg = Debug|Any CPU
		{52C2D433-FEE7-4615-B0D4-2A2A5C99399E}.Debug|Any CPU.Build.0 = Debug|Any CPU
		{52C2D433-FEE7-4615-B0D4-2A2A5C99399E}.Release|Any CPU.ActiveCfg = Release|Any CPU
		{52C2D433-FEE7-4615-B0D4-2A2A5C99399E}.Release|Any CPU.Build.0 = Release|Any CPU
	EndGlobalSection
	GlobalSection(SolutionProperties) = preSolution
		HideSolutionNode = FALSE
	EndGlobalSection
	GlobalSection(ExtensibilityGlobals) = postSolution
		SolutionGuid = {00122B30-742D-4C1D-B628-E4AF90F228BE}
	EndGlobalSection
EndGlobal
